
Microsoft Visual Studio Solution File, Format Version 12.00
# Visual Studio Version 16
VisualStudioVersion = 16.0.30225.117
MinimumVisualStudioVersion = 10.0.40219.1
Project("{FAE04EC0-301F-11D3-BF4B-00C04F79EFBC}") = "WebBsp_Einführung", "WebBsp_Einführung\WebBsp_Einführung.csproj", "{CC79AE82-8DCF-4276-A91D-9CFDC6245C69}"
EndProject
Global
	GlobalSection(SolutionConfigurationPlatforms) = preSolution
		Debug|Any CPU = Debug|Any CPU
		Release|Any CPU = Release|Any CPU
	EndGlobalSection
	GlobalSection(ProjectConfigurationPlatforms) = postSolution
		{CC79AE82-8DCF-4276-A91D-9CFDC6245C69}.Debug|Any CPU.ActiveCfg = Debug|Any CPU
		{CC79AE82-8DCF-4276-A91D-9CFDC6245C69}.Debug|Any CPU.Build.0 = Debug|Any CPU
		{CC79AE82-8DCF-4276-A91D-9CFDC6245C69}.Release|Any CPU.ActiveCfg = Release|Any CPU
		{CC79AE82-8DCF-4276-A91D-9CFDC6245C69}.Release|Any CPU.Build.0 = Release|Any CPU
	EndGlobalSection
	GlobalSection(SolutionProperties) = preSolution
		HideSolutionNode = FALSE
	EndGlobalSection
	GlobalSection(ExtensibilityGlobals) = postSolution
		SolutionGuid = {7A81C453-3F4C-4926-811F-BE93E597A09A}
	EndGlobalSection
EndGlobal
